{
  "name": "migration-ng",
  "version": "4.1.0",
  "lockfileVersion": 1,
  "requires": true,
  "dependencies": {
    "angular-timer": {
      "version": "1.3.5",
      "resolved": "https://registry.npmjs.org/angular-timer/-/angular-timer-1.3.5.tgz",
      "integrity": "sha1-fsHYw6JRsl7bLc17Wr2+sIhJ0ac="
    },
    "moment": {
      "version": "2.24.0",
      "resolved": "https://registry.npmjs.org/moment/-/moment-2.24.0.tgz",
      "integrity": "sha512-bV7f+6l2QigeBBZSM/6yTNq4P2fNpSWj/0e7jQcy87A8e7o2nAfP/34/2ky5Vw4B9S446EtIhodAzkFCcR4dQg=="
    },
    "ngx-moment": {
      "version": "3.5.0",
      "resolved": "https://registry.npmjs.org/ngx-moment/-/ngx-moment-3.5.0.tgz",
      "integrity": "sha512-QC/5XNC0BW6WkJkwZT4r2A29j/8sJAmhuQJrEnEdpW35GvkemccuxEUAwo/PwkzPB/CHaquR00E6P2HVEQ1iEg==",
      "requires": {
        "tslib": "^1.9.0"
      }
    },
    "ngx-timer": {
      "version": "1.0.6",
      "resolved": "https://registry.npmjs.org/ngx-timer/-/ngx-timer-1.0.6.tgz",
      "integrity": "sha512-K1D1F1hAgiB/HUIy5lGvcee57DGFkNHWn/tQoxtW3jGt2fPPy9B5hgFK6pVPi2k6DLYS898OFQlaSMMW4u9DUQ==",
      "requires": {
        "tslib": "^1.9.0"
      }
    },
    "tslib": {
      "version": "1.10.0",
      "resolved": "https://registry.npmjs.org/tslib/-/tslib-1.10.0.tgz",
      "integrity": "sha512-qOebF53frne81cf0S9B41ByenJ3/IuH8yJKngAX35CmiZySA0khhkovshKK+jGCaMnVomla7gVlIcc3EvKPbTQ=="
    }
  }
}
